
Microsoft Visual Studio Solution File, Format Version 12.00
# Visual Studio Version 16
VisualStudioVersion = 16.0.33027.164
MinimumVisualStudioVersion = 10.0.40219.1
Project("{FAE04EC0-301F-11D3-BF4B-00C04F79EFBC}") = "ZadanieCSV", "ZadanieCSV.csproj", "{09ED007B-950C-4577-BA4E-03C0E71FBFD5}"
EndProject
Global
	GlobalSection(SolutionConfigurationPlatforms) = preSolution
		Debug|Any CPU = Debug|Any CPU
		Release|Any CPU = Release|Any CPU
	EndGlobalSection
	GlobalSection(ProjectConfigurationPlatforms) = postSolution
		{09ED007B-950C-4577-BA4E-03C0E71FBFD5}.Debug|Any CPU.ActiveCfg = Debug|Any CPU
		{09ED007B-950C-4577-BA4E-03C0E71FBFD5}.Debug|Any CPU.Build.0 = Debug|Any CPU
		{09ED007B-950C-4577-BA4E-03C0E71FBFD5}.Release|Any CPU.ActiveCfg = Release|Any CPU
		{09ED007B-950C-4577-BA4E-03C0E71FBFD5}.Release|Any CPU.Build.0 = Release|Any CPU
	EndGlobalSection
	GlobalSection(SolutionProperties) = preSolution
		HideSolutionNode = FALSE
	EndGlobalSection
	GlobalSection(ExtensibilityGlobals) = postSolution
		SolutionGuid = {BFF24454-648F-402A-B2CE-4868715B4045}
	EndGlobalSection
EndGlobal
